
Microsoft Visual Studio Solution File, Format Version 12.00
# Visual Studio Version 17
VisualStudioVersion = 17.14.36109.1 d17.14
MinimumVisualStudioVersion = 10.0.40219.1
Project("{FAE04EC0-301F-11D3-BF4B-00C04F79EFBC}") = "VehicleSimulation", "VehicleSimulation\VehicleSimulation.csproj", "{AF34730D-AC6B-47D8-BF98-0126E303C5BB}"
EndProject
Global
	GlobalSection(SolutionConfigurationPlatforms) = preSolution
		Debug|Any CPU = Debug|Any CPU
		Release|Any CPU = Release|Any CPU
	EndGlobalSection
	GlobalSection(ProjectConfigurationPlatforms) = postSolution
		{AF34730D-AC6B-47D8-BF98-0126E303C5BB}.Debug|Any CPU.ActiveCfg = Debug|Any CPU
		{AF34730D-AC6B-47D8-BF98-0126E303C5BB}.Debug|Any CPU.Build.0 = Debug|Any CPU
		{AF34730D-AC6B-47D8-BF98-0126E303C5BB}.Release|Any CPU.ActiveCfg = Release|Any CPU
		{AF34730D-AC6B-47D8-BF98-0126E303C5BB}.Release|Any CPU.Build.0 = Release|Any CPU
	EndGlobalSection
	GlobalSection(SolutionProperties) = preSolution
		HideSolutionNode = FALSE
	EndGlobalSection
	GlobalSection(ExtensibilityGlobals) = postSolution
		SolutionGuid = {5505188B-9D7E-4FF9-B509-3333384329C9}
	EndGlobalSection
EndGlobal
